<?xml version="1.0" encoding="UTF-8"?>
<Solution>
	<Configurations>
		<BuildType Name="Debug"/>
		<BuildType Name="Release"/>
		<BuildType Name="MinSizeRel"/>
		<BuildType Name="RelWithDebInfo"/>
		<Platform Name="x64"/>
	</Configurations>
	<Project Path="CrockerOpenGLTest.vcxproj" Type="8bc9ceb8-8b4a-11d0-8d11-00a0c91bc942" Id="af82dc4a-4345-3d89-8a5d-dbcafdb46e14">
		<BuildDependency Project="ZERO_CHECK.vcxproj"/>
		<BuildDependency Project="crocker_engine.vcxproj"/>
		<BuildDependency Project="external/GLFW/src/glfw.vcxproj"/>
	</Project>
	<Project Path="crocker_engine.vcxproj" Type="8bc9ceb8-8b4a-11d0-8d11-00a0c91bc942" Id="e710ebc5-2f96-33be-99e3-d911ff6aa0ad">
		<BuildDependency Project="ZERO_CHECK.vcxproj"/>
	</Project>
	<Folder Name="/CMakePredefinedTargets/">
		<Project Path="ALL_BUILD.vcxproj" Type="8bc9ceb8-8b4a-11d0-8d11-00a0c91bc942" Id="7715a76b-714a-3fc5-80d5-4dbf8e6d3c97" DefaultStartup="true">
			<BuildDependency Project="CrockerOpenGLTest.vcxproj"/>
			<BuildDependency Project="ZERO_CHECK.vcxproj"/>
			<BuildDependency Project="crocker_engine.vcxproj"/>
		</Project>
		<Project Path="INSTALL.vcxproj" Type="8bc9ceb8-8b4a-11d0-8d11-00a0c91bc942" Id="dd6be2d4-3dcc-3c3f-9c50-1774946fd485">
			<BuildDependency Project="ALL_BUILD.vcxproj"/>
			<BuildDependency Project="ZERO_CHECK.vcxproj"/>
			<Build Solution="Debug|*" Project="false"/>
			<Build Solution="Release|*" Project="false"/>
			<Build Solution="MinSizeRel|*" Project="false"/>
			<Build Solution="RelWithDebInfo|*" Project="false"/>
		</Project>
		<Project Path="ZERO_CHECK.vcxproj" Type="8bc9ceb8-8b4a-11d0-8d11-00a0c91bc942" Id="e8e72061-4633-3fb1-83a4-7464af5bc606"/>
	</Folder>
	<Folder Name="/GLFW3/">
		<Project Path="external/GLFW/src/glfw.vcxproj" Type="8bc9ceb8-8b4a-11d0-8d11-00a0c91bc942" Id="d267ab9d-7556-315b-a216-e764fa07c1ab">
			<BuildDependency Project="ZERO_CHECK.vcxproj"/>
		</Project>
	</Folder>
</Solution>
