<?xml version="1.0" encoding="utf-8"?>
<Project ToolsVersion="18.0" xmlns="http://schemas.microsoft.com/developer/msbuild/2003">
  <ItemGroup>
    <CustomBuild Include="C:\Users\matth\Research\CrockerNuclearLab\Digitalization\Crocker-Digitlization-GUI\CrockerGUI\b\CMakeFiles\bc6db175760c453cc2272ad2e5f1d3ad\generate.stamp.rule">
      <Filter>CMake Rules</Filter>
    </CustomBuild>
  </ItemGroup>
  <ItemGroup>
    <Filter Include="CMake Rules">
      <UniqueIdentifier>{D04A9458-9810-3F7F-98D6-BB65F761331B}</UniqueIdentifier>
    </Filter>
  </ItemGroup>
</Project>
